{
  "name": "js",
  "version": "1.0.0",
  "lockfileVersion": 2,
  "requires": true,
  "packages": {
    "": {
      "name": "js",
      "version": "1.0.0",
      "license": "ISC",
      "dependencies": {
        "gridstack": "^8.2.3"
      }
    },
    "node_modules/gridstack": {
      "version": "8.2.3",
      "resolved": "https://registry.npmjs.org/gridstack/-/gridstack-8.2.3.tgz",
      "integrity": "sha512-537FVgM3Ljt+0pBULGeEOzhHVMAyeHjPFlYar3078yKBXvaxbSpmFtUrgFKQk0Ghg0D/z710KqHcPLvaEOH4qQ==",
      "funding": [
        {
          "type": "paypal",
          "url": "https://www.paypal.me/alaind831"
        },
        {
          "type": "venmo",
          "url": "https://www.venmo.com/adumesny"
        }
      ]
    }
  },
  "dependencies": {
    "gridstack": {
      "version": "8.2.3",
      "resolved": "https://registry.npmjs.org/gridstack/-/gridstack-8.2.3.tgz",
      "integrity": "sha512-537FVgM3Ljt+0pBULGeEOzhHVMAyeHjPFlYar3078yKBXvaxbSpmFtUrgFKQk0Ghg0D/z710KqHcPLvaEOH4qQ=="
    }
  }
}
